// !$*UTF8*$!
{
	archiveVersion = 1;
	classes = {
	};
	objectVersion = 48;
	objects = {

/* Begin PBXAggregateTarget section */
		45498AF31FDB2E6E00768ABB /* PodPostInstall */ = {
			isa = PBXAggregateTarget;
			buildConfigurationList = 45498AF41FDB2E6E00768ABB /* Build configuration list for PBXAggregateTarget "PodPostInstall" */;
			buildPhases = (
				45498AF71FDB2E7A00768ABB /* ShellScript */,
			);
			dependencies = (
			);
			name = PodPostInstall;
			productName = PodPostInstall;
		};
/* End PBXAggregateTarget section */

/* Begin PBXBuildFile section */
		45498AD31FDB287500768ABB /* AppDelegate.swift in Sources */ = {isa = PBXBuildFile; fileRef = 45498AD21FDB287500768ABB /* AppDelegate.swift */; };
		45498AD71FDB287500768ABB /* ReactViewController.swift in Sources */ = {isa = PBXBuildFile; fileRef = 45498AD61FDB287500768ABB /* ReactViewController.swift */; };
		45498ADA1FDB287500768ABB /* Main.storyboard in Resources */ = {isa = PBXBuildFile; fileRef = 45498AD81FDB287500768ABB /* Main.storyboard */; };
		45498ADC1FDB287500768ABB /* Assets.xcassets in Resources */ = {isa = PBXBuildFile; fileRef = 45498ADB1FDB287500768ABB /* Assets.xcassets */; };
		45498ADF1FDB287500768ABB /* LaunchScreen.storyboard in Resources */ = {isa = PBXBuildFile; fileRef = 45498ADD1FDB287500768ABB /* LaunchScreen.storyboard */; };
		45CC78401FDB3C4000D34D8C /* MainViewController.swift in Sources */ = {isa = PBXBuildFile; fileRef = 45CC783F1FDB3C4000D34D8C /* MainViewController.swift */; };
		BA2473C512987616E120470E /* Pods_ReactNativeMultipleRCTRootView.framework in Frameworks */ = {isa = PBXBuildFile; fileRef = A9552A034BDD651CC769D716 /* Pods_ReactNativeMultipleRCTRootView.framework */; };
/* End PBXBuildFile section */

/* Begin PBXContainerItemProxy section */
		45498AFE1FDB2EB200768ABB /* PBXContainerItemProxy */ = {
			isa = PBXContainerItemProxy;
			containerPortal = 45498AC71FDB287500768ABB /* Project object */;
			proxyType = 1;
			remoteGlobalIDString = 45498AF31FDB2E6E00768ABB;
			remoteInfo = PodPostInstall;
		};
/* End PBXContainerItemProxy section */

/* Begin PBXFileReference section */
		1DA34472F6915FD07B7A6B7A /* Pods-ReactNativeMultipleRCTRootView.debug.xcconfig */ = {isa = PBXFileReference; includeInIndex = 1; lastKnownFileType = text.xcconfig; name = "Pods-ReactNativeMultipleRCTRootView.debug.xcconfig"; path = "Pods/Target Support Files/Pods-ReactNativeMultipleRCTRootView/Pods-ReactNativeMultipleRCTRootView.debug.xcconfig"; sourceTree = "<group>"; };
		21A761F74C8E39C3FD14EFD4 /* Pods-ReactNativeMultipleRCTRootView.release.xcconfig */ = {isa = PBXFileReference; includeInIndex = 1; lastKnownFileType = text.xcconfig; name = "Pods-ReactNativeMultipleRCTRootView.release.xcconfig"; path = "Pods/Target Support Files/Pods-ReactNativeMultipleRCTRootView/Pods-ReactNativeMultipleRCTRootView.release.xcconfig"; sourceTree = "<group>"; };
		45498ACF1FDB287500768ABB /* ReactNativeMultipleRCTRootView.app */ = {isa = PBXFileReference; explicitFileType = wrapper.application; includeInIndex = 0; path = ReactNativeMultipleRCTRootView.app; sourceTree = BUILT_PRODUCTS_DIR; };
		45498AD21FDB287500768ABB /* AppDelegate.swift */ = {isa = PBXFileReference; lastKnownFileType = sourcecode.swift; path = AppDelegate.swift; sourceTree = "<group>"; };
		45498AD61FDB287500768ABB /* ReactViewController.swift */ = {isa = PBXFileReference; lastKnownFileType = sourcecode.swift; path = ReactViewController.swift; sourceTree = "<group>"; };
		45498AD91FDB287500768ABB /* Base */ = {isa = PBXFileReference; lastKnownFileType = file.storyboard; name = Base; path = Base.lproj/Main.storyboard; sourceTree = "<group>"; };
		45498ADB1FDB287500768ABB /* Assets.xcassets */ = {isa = PBXFileReference; lastKnownFileType = folder.assetcatalog; path = Assets.xcassets; sourceTree = "<group>"; };
		45498ADE1FDB287500768ABB /* Base */ = {isa = PBXFileReference; lastKnownFileType = file.storyboard; name = Base; path = Base.lproj/LaunchScreen.storyboard; sourceTree = "<group>"; };
		45498AE01FDB287500768ABB /* Info.plist */ = {isa = PBXFileReference; lastKnownFileType = text.plist.xml; path = Info.plist; sourceTree = "<group>"; };
		45CC783F1FDB3C4000D34D8C /* MainViewController.swift */ = {isa = PBXFileReference; lastKnownFileType = sourcecode.swift; path = MainViewController.swift; sourceTree = "<group>"; };
		A9552A034BDD651CC769D716 /* Pods_ReactNativeMultipleRCTRootView.framework */ = {isa = PBXFileReference; explicitFileType = wrapper.framework; includeInIndex = 0; path = Pods_ReactNativeMultipleRCTRootView.framework; sourceTree = BUILT_PRODUCTS_DIR; };
/* End PBXFileReference section */

/* Begin PBXFrameworksBuildPhase section */
		45498ACC1FDB287500768ABB /* Frameworks */ = {
			isa = PBXFrameworksBuildPhase;
			buildActionMask = 2147483647;
			files = (
				BA2473C512987616E120470E /* Pods_ReactNativeMultipleRCTRootView.framework in Frameworks */,
			);
			runOnlyForDeploymentPostprocessing = 0;
		};
/* End PBXFrameworksBuildPhase section */

/* Begin PBXGroup section */
		45498AC61FDB287500768ABB = {
			isa = PBXGroup;
			children = (
				45498AD11FDB287500768ABB /* ReactNativeMultipleRCTRootView */,
				45498AD01FDB287500768ABB /* Products */,
				E7B1F425BB56CA8FF40DF455 /* Pods */,
				5B9F7C928490FAD5CEED950D /* Frameworks */,
			);
			sourceTree = "<group>";
		};
		45498AD01FDB287500768ABB /* Products */ = {
			isa = PBXGroup;
			children = (
				45498ACF1FDB287500768ABB /* ReactNativeMultipleRCTRootView.app */,
			);
			name = Products;
			sourceTree = "<group>";
		};
		45498AD11FDB287500768ABB /* ReactNativeMultipleRCTRootView */ = {
			isa = PBXGroup;
			children = (
				45498AD21FDB287500768ABB /* AppDelegate.swift */,
				45CC783F1FDB3C4000D34D8C /* MainViewController.swift */,
				45498AD61FDB287500768ABB /* ReactViewController.swift */,
				45498AD81FDB287500768ABB /* Main.storyboard */,
				45498ADB1FDB287500768ABB /* Assets.xcassets */,
				45498ADD1FDB287500768ABB /* LaunchScreen.storyboard */,
				45498AE01FDB287500768ABB /* Info.plist */,
			);
			path = ReactNativeMultipleRCTRootView;
			sourceTree = "<group>";
		};
		5B9F7C928490FAD5CEED950D /* Frameworks */ = {
			isa = PBXGroup;
			children = (
				A9552A034BDD651CC769D716 /* Pods_ReactNativeMultipleRCTRootView.framework */,
			);
			name = Frameworks;
			sourceTree = "<group>";
		};
		E7B1F425BB56CA8FF40DF455 /* Pods */ = {
			isa = PBXGroup;
			children = (
				1DA34472F6915FD07B7A6B7A /* Pods-ReactNativeMultipleRCTRootView.debug.xcconfig */,
				21A761F74C8E39C3FD14EFD4 /* Pods-ReactNativeMultipleRCTRootView.release.xcconfig */,
			);
			name = Pods;
			sourceTree = "<group>";
		};
/* End PBXGroup section */

/* Begin PBXNativeTarget section */
		45498ACE1FDB287500768ABB /* ReactNativeMultipleRCTRootView */ = {
			isa = PBXNativeTarget;
			buildConfigurationList = 45498AE31FDB287500768ABB /* Build configuration list for PBXNativeTarget "ReactNativeMultipleRCTRootView" */;
			buildPhases = (
				29E3766DBE54EB16E6287ECB /* [CP] Check Pods Manifest.lock */,
				45498ACB1FDB287500768ABB /* Sources */,
				45498ACC1FDB287500768ABB /* Frameworks */,
				45498ACD1FDB287500768ABB /* Resources */,
				F1365BE75ECEDB933649F432 /* [CP] Embed Pods Frameworks */,
				F132AAB3E7A3A145E05B4AF7 /* [CP] Copy Pods Resources */,
			);
			buildRules = (
			);
			dependencies = (
				45498AFF1FDB2EB200768ABB /* PBXTargetDependency */,
			);
			name = ReactNativeMultipleRCTRootView;
			productName = ReactNativeMultipleRCTRootView;
			productReference = 45498ACF1FDB287500768ABB /* ReactNativeMultipleRCTRootView.app */;
			productType = "com.apple.product-type.application";
		};
/* End PBXNativeTarget section */

/* Begin PBXProject section */
		45498AC71FDB287500768ABB /* Project object */ = {
			isa = PBXProject;
			attributes = {
				LastSwiftUpdateCheck = 0910;
				LastUpgradeCheck = 0910;
				ORGANIZATIONNAME = "Fabrizio Duroni";
				TargetAttributes = {
					45498ACE1FDB287500768ABB = {
						CreatedOnToolsVersion = 9.1;
						ProvisioningStyle = Automatic;
					};
					45498AF31FDB2E6E00768ABB = {
						CreatedOnToolsVersion = 9.1;
						ProvisioningStyle = Automatic;
					};
				};
			};
			buildConfigurationList = 45498ACA1FDB287500768ABB /* Build configuration list for PBXProject "ReactNativeMultipleRCTRootView" */;
			compatibilityVersion = "Xcode 8.0";
			developmentRegion = en;
			hasScannedForEncodings = 0;
			knownRegions = (
				en,
				Base,
			);
			mainGroup = 45498AC61FDB287500768ABB;
			productRefGroup = 45498AD01FDB287500768ABB /* Products */;
			projectDirPath = "";
			projectRoot = "";
			targets = (
				45498ACE1FDB287500768ABB /* ReactNativeMultipleRCTRootView */,
				45498AF31FDB2E6E00768ABB /* PodPostInstall */,
			);
		};
/* End PBXProject section */

/* Begin PBXResourcesBuildPhase section */
		45498ACD1FDB287500768ABB /* Resources */ = {
			isa = PBXResourcesBuildPhase;
			buildActionMask = 2147483647;
			files = (
				45498ADF1FDB287500768ABB /* LaunchScreen.storyboard in Resources */,
				45498ADC1FDB287500768ABB /* Assets.xcassets in Resources */,
				45498ADA1FDB287500768ABB /* Main.storyboard in Resources */,
			);
			runOnlyForDeploymentPostprocessing = 0;
		};
/* End PBXResourcesBuildPhase section */

/* Begin PBXShellScriptBuildPhase section */
		29E3766DBE54EB16E6287ECB /* [CP] Check Pods Manifest.lock */ = {
			isa = PBXShellScriptBuildPhase;
			buildActionMask = 2147483647;
			files = (
			);
			inputPaths = (
				"${PODS_PODFILE_DIR_PATH}/Podfile.lock",
				"${PODS_ROOT}/Manifest.lock",
			);
			name = "[CP] Check Pods Manifest.lock";
			outputPaths = (
				"$(DERIVED_FILE_DIR)/Pods-ReactNativeMultipleRCTRootView-checkManifestLockResult.txt",
			);
			runOnlyForDeploymentPostprocessing = 0;
			shellPath = /bin/sh;
			shellScript = "diff \"${PODS_PODFILE_DIR_PATH}/Podfile.lock\" \"${PODS_ROOT}/Manifest.lock\" > /dev/null\nif [ $? != 0 ] ; then\n    # print error to STDERR\n    echo \"error: The sandbox is not in sync with the Podfile.lock. Run 'pod install' or update your CocoaPods installation.\" >&2\n    exit 1\nfi\n# This output is used by Xcode 'outputs' to avoid re-running this script phase.\necho \"SUCCESS\" > \"${SCRIPT_OUTPUT_FILE_0}\"\n";
			showEnvVarsInLog = 0;
		};
		45498AF71FDB2E7A00768ABB /* ShellScript */ = {
			isa = PBXShellScriptBuildPhase;
			buildActionMask = 2147483647;
			files = (
			);
			inputPaths = (
			);
			outputPaths = (
			);
			runOnlyForDeploymentPostprocessing = 0;
			shellPath = /bin/sh;
			shellScript = "cd ..\nnpm run postinstall";
		};
		F132AAB3E7A3A145E05B4AF7 /* [CP] Copy Pods Resources */ = {
			isa = PBXShellScriptBuildPhase;
			buildActionMask = 2147483647;
			files = (
			);
			inputPaths = (
			);
			name = "[CP] Copy Pods Resources";
			outputPaths = (
			);
			runOnlyForDeploymentPostprocessing = 0;
			shellPath = /bin/sh;
			shellScript = "\"${SRCROOT}/Pods/Target Support Files/Pods-ReactNativeMultipleRCTRootView/Pods-ReactNativeMultipleRCTRootView-resources.sh\"\n";
			showEnvVarsInLog = 0;
		};
		F1365BE75ECEDB933649F432 /* [CP] Embed Pods Frameworks */ = {
			isa = PBXShellScriptBuildPhase;
			buildActionMask = 2147483647;
			files = (
			);
			inputPaths = (
				"${SRCROOT}/Pods/Target Support Files/Pods-ReactNativeMultipleRCTRootView/Pods-ReactNativeMultipleRCTRootView-frameworks.sh",
				"${BUILT_PRODUCTS_DIR}/DoubleConversion/DoubleConversion.framework",
				"${BUILT_PRODUCTS_DIR}/Folly/folly.framework",
				"${BUILT_PRODUCTS_DIR}/GLog/glog.framework",
				"${BUILT_PRODUCTS_DIR}/React/React.framework",
				"${BUILT_PRODUCTS_DIR}/yoga/yoga.framework",
			);
			name = "[CP] Embed Pods Frameworks";
			outputPaths = (
				"${TARGET_BUILD_DIR}/${FRAMEWORKS_FOLDER_PATH}/DoubleConversion.framework",
				"${TARGET_BUILD_DIR}/${FRAMEWORKS_FOLDER_PATH}/folly.framework",
				"${TARGET_BUILD_DIR}/${FRAMEWORKS_FOLDER_PATH}/glog.framework",
				"${TARGET_BUILD_DIR}/${FRAMEWORKS_FOLDER_PATH}/React.framework",
				"${TARGET_BUILD_DIR}/${FRAMEWORKS_FOLDER_PATH}/yoga.framework",
			);
			runOnlyForDeploymentPostprocessing = 0;
			shellPath = /bin/sh;
			shellScript = "\"${SRCROOT}/Pods/Target Support Files/Pods-ReactNativeMultipleRCTRootView/Pods-ReactNativeMultipleRCTRootView-frameworks.sh\"\n";
			showEnvVarsInLog = 0;
		};
/* End PBXShellScriptBuildPhase section */

/* Begin PBXSourcesBuildPhase section */
		45498ACB1FDB287500768ABB /* Sources */ = {
			isa = PBXSourcesBuildPhase;
			buildActionMask = 2147483647;
			files = (
				45498AD71FDB287500768ABB /* ReactViewController.swift in Sources */,
				45498AD31FDB287500768ABB /* AppDelegate.swift in Sources */,
				45CC78401FDB3C4000D34D8C /* MainViewController.swift in Sources */,
			);
			runOnlyForDeploymentPostprocessing = 0;
		};
/* End PBXSourcesBuildPhase section */

/* Begin PBXTargetDependency section */
		45498AFF1FDB2EB200768ABB /* PBXTargetDependency */ = {
			isa = PBXTargetDependency;
			target = 45498AF31FDB2E6E00768ABB /* PodPostInstall */;
			targetProxy = 45498AFE1FDB2EB200768ABB /* PBXContainerItemProxy */;
		};
/* End PBXTargetDependency section */

/* Begin PBXVariantGroup section */
		45498AD81FDB287500768ABB /* Main.storyboard */ = {
			isa = PBXVariantGroup;
			children = (
				45498AD91FDB287500768ABB /* Base */,
			);
			name = Main.storyboard;
			sourceTree = "<group>";
		};
		45498ADD1FDB287500768ABB /* LaunchScreen.storyboard */ = {
			isa = PBXVariantGroup;
			children = (
				45498ADE1FDB287500768ABB /* Base */,
			);
			name = LaunchScreen.storyboard;
			sourceTree = "<group>";
		};
/* End PBXVariantGroup section */

/* Begin XCBuildConfiguration section */
		45498AE11FDB287500768ABB /* Debug */ = {
			isa = XCBuildConfiguration;
			buildSettings = {
				ALWAYS_SEARCH_USER_PATHS = NO;
				CLANG_ANALYZER_NONNULL = YES;
				CLANG_ANALYZER_NUMBER_OBJECT_CONVERSION = YES_AGGRESSIVE;
				CLANG_CXX_LANGUAGE_STANDARD = "gnu++14";
				CLANG_CXX_LIBRARY = "libc++";
				CLANG_ENABLE_MODULES = YES;
				CLANG_ENABLE_OBJC_ARC = YES;
				CLANG_WARN_BLOCK_CAPTURE_AUTORELEASING = YES;
				CLANG_WARN_BOOL_CONVERSION = YES;
				CLANG_WARN_COMMA = YES;
				CLANG_WARN_CONSTANT_CONVERSION = YES;
				CLANG_WARN_DIRECT_OBJC_ISA_USAGE = YES_ERROR;
				CLANG_WARN_DOCUMENTATION_COMMENTS = YES;
				CLANG_WARN_EMPTY_BODY = YES;
				CLANG_WARN_ENUM_CONVERSION = YES;
				CLANG_WARN_INFINITE_RECURSION = YES;
				CLANG_WARN_INT_CONVERSION = YES;
				CLANG_WARN_NON_LITERAL_NULL_CONVERSION = YES;
				CLANG_WARN_OBJC_LITERAL_CONVERSION = YES;
				CLANG_WARN_OBJC_ROOT_CLASS = YES_ERROR;
				CLANG_WARN_RANGE_LOOP_ANALYSIS = YES;
				CLANG_WARN_STRICT_PROTOTYPES = YES;
				CLANG_WARN_SUSPICIOUS_MOVE = YES;
				CLANG_WARN_UNGUARDED_AVAILABILITY = YES_AGGRESSIVE;
				CLANG_WARN_UNREACHABLE_CODE = YES;
				CLANG_WARN__DUPLICATE_METHOD_MATCH = YES;
				CODE_SIGN_IDENTITY = "iPhone Developer";
				COPY_PHASE_STRIP = NO;
				DEBUG_INFORMATION_FORMAT = dwarf;
				ENABLE_STRICT_OBJC_MSGSEND = YES;
				ENABLE_TESTABILITY = YES;
				GCC_C_LANGUAGE_STANDARD = gnu11;
				GCC_DYNAMIC_NO_PIC = NO;
				GCC_NO_COMMON_BLOCKS = YES;
				GCC_OPTIMIZATION_LEVEL = 0;
				GCC_PREPROCESSOR_DEFINITIONS = (
					"DEBUG=1",
					"$(inherited)",
				);
				GCC_WARN_64_TO_32_BIT_CONVERSION = YES;
				GCC_WARN_ABOUT_RETURN_TYPE = YES_ERROR;
				GCC_WARN_UNDECLARED_SELECTOR = YES;
				GCC_WARN_UNINITIALIZED_AUTOS = YES_AGGRESSIVE;
				GCC_WARN_UNUSED_FUNCTION = YES;
				GCC_WARN_UNUSED_VARIABLE = YES;
				IPHONEOS_DEPLOYMENT_TARGET = 10.0;
				MTL_ENABLE_DEBUG_INFO = YES;
				ONLY_ACTIVE_ARCH = YES;
				SDKROOT = iphoneos;
				SWIFT_ACTIVE_COMPILATION_CONDITIONS = DEBUG;
				SWIFT_OPTIMIZATION_LEVEL = "-Onone";
			};
			name = Debug;
		};
		45498AE21FDB287500768ABB /* Release */ = {
			isa = XCBuildConfiguration;
			buildSettings = {
				ALWAYS_SEARCH_USER_PATHS = NO;
				CLANG_ANALYZER_NONNULL = YES;
				CLANG_ANALYZER_NUMBER_OBJECT_CONVERSION = YES_AGGRESSIVE;
				CLANG_CXX_LANGUAGE_STANDARD = "gnu++14";
				CLANG_CXX_LIBRARY = "libc++";
				CLANG_ENABLE_MODULES = YES;
				CLANG_ENABLE_OBJC_ARC = YES;
				CLANG_WARN_BLOCK_CAPTURE_AUTORELEASING = YES;
				CLANG_WARN_BOOL_CONVERSION = YES;
				CLANG_WARN_COMMA = YES;
				CLANG_WARN_CONSTANT_CONVERSION = YES;
				CLANG_WARN_DIRECT_OBJC_ISA_USAGE = YES_ERROR;
				CLANG_WARN_DOCUMENTATION_COMMENTS = YES;
				CLANG_WARN_EMPTY_BODY = YES;
				CLANG_WARN_ENUM_CONVERSION = YES;
				CLANG_WARN_INFINITE_RECURSION = YES;
				CLANG_WARN_INT_CONVERSION = YES;
				CLANG_WARN_NON_LITERAL_NULL_CONVERSION = YES;
				CLANG_WARN_OBJC_LITERAL_CONVERSION = YES;
				CLANG_WARN_OBJC_ROOT_CLASS = YES_ERROR;
				CLANG_WARN_RANGE_LOOP_ANALYSIS = YES;
				CLANG_WARN_STRICT_PROTOTYPES = YES;
				CLANG_WARN_SUSPICIOUS_MOVE = YES;
				CLANG_WARN_UNGUARDED_AVAILABILITY = YES_AGGRESSIVE;
				CLANG_WARN_UNREACHABLE_CODE = YES;
				CLANG_WARN__DUPLICATE_METHOD_MATCH = YES;
				CODE_SIGN_IDENTITY = "iPhone Developer";
				COPY_PHASE_STRIP = NO;
				DEBUG_INFORMATION_FORMAT = "dwarf-with-dsym";
				ENABLE_NS_ASSERTIONS = NO;
				ENABLE_STRICT_OBJC_MSGSEND = YES;
				GCC_C_LANGUAGE_STANDARD = gnu11;
				GCC_NO_COMMON_BLOCKS = YES;
				GCC_WARN_64_TO_32_BIT_CONVERSION = YES;
				GCC_WARN_ABOUT_RETURN_TYPE = YES_ERROR;
				GCC_WARN_UNDECLARED_SELECTOR = YES;
				GCC_WARN_UNINITIALIZED_AUTOS = YES_AGGRESSIVE;
				GCC_WARN_UNUSED_FUNCTION = YES;
				GCC_WARN_UNUSED_VARIABLE = YES;
				IPHONEOS_DEPLOYMENT_TARGET = 10.0;
				MTL_ENABLE_DEBUG_INFO = NO;
				SDKROOT = iphoneos;
				SWIFT_OPTIMIZATION_LEVEL = "-Owholemodule";
				VALIDATE_PRODUCT = YES;
			};
			name = Release;
		};
		45498AE41FDB287500768ABB /* Debug */ = {
			isa = XCBuildConfiguration;
			baseConfigurationReference = 1DA34472F6915FD07B7A6B7A /* Pods-ReactNativeMultipleRCTRootView.debug.xcconfig */;
			buildSettings = {
				ASSETCATALOG_COMPILER_APPICON_NAME = AppIcon;
				CODE_SIGN_STYLE = Automatic;
				DEVELOPMENT_TEAM = Y682K92RZU;
				INFOPLIST_FILE = ReactNativeMultipleRCTRootView/Info.plist;
				IPHONEOS_DEPLOYMENT_TARGET = 10.0;
				LD_RUNPATH_SEARCH_PATHS = "$(inherited) @executable_path/Frameworks";
				PRODUCT_BUNDLE_IDENTIFIER = it.chicio.ReactNativeMultipleRCTRootView;
				PRODUCT_NAME = "$(TARGET_NAME)";
				SWIFT_VERSION = 4.0;
				TARGETED_DEVICE_FAMILY = "1,2";
			};
			name = Debug;
		};
		45498AE51FDB287500768ABB /* Release */ = {
			isa = XCBuildConfiguration;
			baseConfigurationReference = 21A761F74C8E39C3FD14EFD4 /* Pods-ReactNativeMultipleRCTRootView.release.xcconfig */;
			buildSettings = {
				ASSETCATALOG_COMPILER_APPICON_NAME = AppIcon;
				CODE_SIGN_STYLE = Automatic;
				DEVELOPMENT_TEAM = Y682K92RZU;
				INFOPLIST_FILE = ReactNativeMultipleRCTRootView/Info.plist;
				IPHONEOS_DEPLOYMENT_TARGET = 10.0;
				LD_RUNPATH_SEARCH_PATHS = "$(inherited) @executable_path/Frameworks";
				PRODUCT_BUNDLE_IDENTIFIER = it.chicio.ReactNativeMultipleRCTRootView;
				PRODUCT_NAME = "$(TARGET_NAME)";
				SWIFT_VERSION = 4.0;
				TARGETED_DEVICE_FAMILY = "1,2";
			};
			name = Release;
		};
		45498AF51FDB2E6E00768ABB /* Debug */ = {
			isa = XCBuildConfiguration;
			buildSettings = {
				CODE_SIGN_STYLE = Automatic;
				DEVELOPMENT_TEAM = Y682K92RZU;
				PRODUCT_NAME = "$(TARGET_NAME)";
			};
			name = Debug;
		};
		45498AF61FDB2E6E00768ABB /* Release */ = {
			isa = XCBuildConfiguration;
			buildSettings = {
				CODE_SIGN_STYLE = Automatic;
				DEVELOPMENT_TEAM = Y682K92RZU;
				PRODUCT_NAME = "$(TARGET_NAME)";
			};
			name = Release;
		};
/* End XCBuildConfiguration section */

/* Begin XCConfigurationList section */
		45498ACA1FDB287500768ABB /* Build configuration list for PBXProject "ReactNativeMultipleRCTRootView" */ = {
			isa = XCConfigurationList;
			buildConfigurations = (
				45498AE11FDB287500768ABB /* Debug */,
				45498AE21FDB287500768ABB /* Release */,
			);
			defaultConfigurationIsVisible = 0;
			defaultConfigurationName = Release;
		};
		45498AE31FDB287500768ABB /* Build configuration list for PBXNativeTarget "ReactNativeMultipleRCTRootView" */ = {
			isa = XCConfigurationList;
			buildConfigurations = (
				45498AE41FDB287500768ABB /* Debug */,
				45498AE51FDB287500768ABB /* Release */,
			);
			defaultConfigurationIsVisible = 0;
			defaultConfigurationName = Release;
		};
		45498AF41FDB2E6E00768ABB /* Build configuration list for PBXAggregateTarget "PodPostInstall" */ = {
			isa = XCConfigurationList;
			buildConfigurations = (
				45498AF51FDB2E6E00768ABB /* Debug */,
				45498AF61FDB2E6E00768ABB /* Release */,
			);
			defaultConfigurationIsVisible = 0;
			defaultConfigurationName = Release;
		};
/* End XCConfigurationList section */
	};
	rootObject = 45498AC71FDB287500768ABB /* Project object */;
}
